// !$*UTF8*$!
{
	archiveVersion = 1;
	classes = {
	};
	objectVersion = 56;
	objects = {

/* Begin PBXBuildFile section */
		1A0000010000000000000001 /* LittleSpudApp.swift in Sources */ = {isa = PBXBuildFile; fileRef = 1A0000010000000000000011 /* LittleSpudApp.swift */; };
		1A0000010000000000000002 /* LocalNotificationManager.swift in Sources */ = {isa = PBXBuildFile; fileRef = 1A0000010000000000000012 /* LocalNotificationManager.swift */; };
		1A0000010000000000000004 /* QRCodeScannerViewController.swift in Sources */ = {isa = PBXBuildFile; fileRef = 1A0000010000000000000014 /* QRCodeScannerViewController.swift */; };
		1A0000010000000000000005 /* Assets.xcassets in Resources */ = {isa = PBXBuildFile; fileRef = 1A0000010000000000000016 /* Assets.xcassets */; };
		1A0000010000000000000006 /* HapticManager.swift in Sources */ = {isa = PBXBuildFile; fileRef = 1A0000010000000000000018 /* HapticManager.swift */; };
		1A0000010000000000000007 /* LittleSpudModels.swift in Sources */ = {isa = PBXBuildFile; fileRef = 1A0000010000000000000019 /* LittleSpudModels.swift */; };
		1A0000010000000000000008 /* KeychainStore.swift in Sources */ = {isa = PBXBuildFile; fileRef = 1A000001000000000000001A /* KeychainStore.swift */; };
		1A0000010000000000000009 /* QRCodeScannerSheet.swift in Sources */ = {isa = PBXBuildFile; fileRef = 1A000001000000000000001B /* QRCodeScannerSheet.swift */; };
		1A000001000000000000000A /* SpudLinkAPI.swift in Sources */ = {isa = PBXBuildFile; fileRef = 1A000001000000000000001C /* SpudLinkAPI.swift */; };
		1A000001000000000000000B /* LittleSpudViewModel.swift in Sources */ = {isa = PBXBuildFile; fileRef = 1A000001000000000000001D /* LittleSpudViewModel.swift */; };
		1A000001000000000000000C /* LittleSpudRootView.swift in Sources */ = {isa = PBXBuildFile; fileRef = 1A000001000000000000001E /* LittleSpudRootView.swift */; };
		1A000001000000000000000D /* PrivacyInfo.xcprivacy in Resources */ = {isa = PBXBuildFile; fileRef = 1A000001000000000000001F /* PrivacyInfo.xcprivacy */; };
		1A000001000000000000000E /* FirebaseCore in Frameworks */ = {isa = PBXBuildFile; productRef = 1A0000010000000000000022 /* FirebaseCore */; };
		1A000001000000000000000F /* FirebaseMessaging in Frameworks */ = {isa = PBXBuildFile; productRef = 1A0000010000000000000023 /* FirebaseMessaging */; };
		1A0000010000000000000025 /* GoogleService-Info.plist in Resources */ = {isa = PBXBuildFile; fileRef = 1A0000010000000000000026 /* GoogleService-Info.plist */; };
		1A0000010000000000000027 /* LittleSpudShared.swift in Sources */ = {isa = PBXBuildFile; fileRef = 1A000001000000000000002B /* LittleSpudShared.swift */; };
		1A0000010000000000000028 /* NotificationService.swift in Sources */ = {isa = PBXBuildFile; fileRef = 1A000001000000000000002C /* NotificationService.swift */; };
		1A0000010000000000000029 /* LittleSpudShared.swift in Sources */ = {isa = PBXBuildFile; fileRef = 1A000001000000000000002B /* LittleSpudShared.swift */; };
		1A000001000000000000002A /* LittleSpudNotificationService.appex in Embed App Extensions */ = {isa = PBXBuildFile; fileRef = 1A000001000000000000002F /* LittleSpudNotificationService.appex */; settings = {ATTRIBUTES = (RemoveHeadersOnCopy, ); }; };
/* End PBXBuildFile section */

/* Begin PBXContainerItemProxy section */
		1A0000010000000000000038 /* PBXContainerItemProxy */ = {
			isa = PBXContainerItemProxy;
			containerPortal = 1A0000010000000000000061 /* Project object */;
			proxyType = 1;
			remoteGlobalIDString = 1A0000010000000000000042;
			remoteInfo = LittleSpudNotificationService;
		};
/* End PBXContainerItemProxy section */

/* Begin PBXCopyFilesBuildPhase section */
		1A0000010000000000000036 /* Embed App Extensions */ = {
			isa = PBXCopyFilesBuildPhase;
			buildActionMask = 2147483647;
			dstPath = "";
			dstSubfolderSpec = 13;
			files = (
				1A000001000000000000002A /* LittleSpudNotificationService.appex in Embed App Extensions */,
			);
			name = "Embed App Extensions";
			runOnlyForDeploymentPostprocessing = 0;
		};
/* End PBXCopyFilesBuildPhase section */

/* Begin PBXFileReference section */
		1A0000010000000000000011 /* LittleSpudApp.swift */ = {isa = PBXFileReference; lastKnownFileType = sourcecode.swift; path = LittleSpudApp.swift; sourceTree = "<group>"; };
		1A0000010000000000000012 /* LocalNotificationManager.swift */ = {isa = PBXFileReference; lastKnownFileType = sourcecode.swift; path = LocalNotificationManager.swift; sourceTree = "<group>"; };
		1A0000010000000000000014 /* QRCodeScannerViewController.swift */ = {isa = PBXFileReference; lastKnownFileType = sourcecode.swift; path = QRCodeScannerViewController.swift; sourceTree = "<group>"; };
		1A0000010000000000000015 /* Info.plist */ = {isa = PBXFileReference; lastKnownFileType = text.plist.xml; path = Info.plist; sourceTree = "<group>"; };
		1A0000010000000000000016 /* Assets.xcassets */ = {isa = PBXFileReference; lastKnownFileType = folder.assetcatalog; path = Assets.xcassets; sourceTree = "<group>"; };
		1A0000010000000000000017 /* LittleSpud.app */ = {isa = PBXFileReference; explicitFileType = wrapper.application; includeInIndex = 0; path = LittleSpud.app; sourceTree = BUILT_PRODUCTS_DIR; };
		1A0000010000000000000018 /* HapticManager.swift */ = {isa = PBXFileReference; lastKnownFileType = sourcecode.swift; path = HapticManager.swift; sourceTree = "<group>"; };
		1A0000010000000000000019 /* LittleSpudModels.swift */ = {isa = PBXFileReference; lastKnownFileType = sourcecode.swift; path = LittleSpudModels.swift; sourceTree = "<group>"; };
		1A000001000000000000001A /* KeychainStore.swift */ = {isa = PBXFileReference; lastKnownFileType = sourcecode.swift; path = KeychainStore.swift; sourceTree = "<group>"; };
		1A000001000000000000001B /* QRCodeScannerSheet.swift */ = {isa = PBXFileReference; lastKnownFileType = sourcecode.swift; path = QRCodeScannerSheet.swift; sourceTree = "<group>"; };
		1A000001000000000000001C /* SpudLinkAPI.swift */ = {isa = PBXFileReference; lastKnownFileType = sourcecode.swift; path = SpudLinkAPI.swift; sourceTree = "<group>"; };
		1A000001000000000000001D /* LittleSpudViewModel.swift */ = {isa = PBXFileReference; lastKnownFileType = sourcecode.swift; path = LittleSpudViewModel.swift; sourceTree = "<group>"; };
		1A000001000000000000001E /* LittleSpudRootView.swift */ = {isa = PBXFileReference; lastKnownFileType = sourcecode.swift; path = LittleSpudRootView.swift; sourceTree = "<group>"; };
		1A000001000000000000001F /* PrivacyInfo.xcprivacy */ = {isa = PBXFileReference; lastKnownFileType = text.xml; path = PrivacyInfo.xcprivacy; sourceTree = "<group>"; };
		1A0000010000000000000020 /* LittleSpud.entitlements */ = {isa = PBXFileReference; lastKnownFileType = text.plist.entitlements; path = LittleSpud.entitlements; sourceTree = "<group>"; };
		1A0000010000000000000026 /* GoogleService-Info.plist */ = {isa = PBXFileReference; lastKnownFileType = text.plist.xml; path = "GoogleService-Info.plist"; sourceTree = "<group>"; };
		1A000001000000000000002B /* LittleSpudShared.swift */ = {isa = PBXFileReference; lastKnownFileType = sourcecode.swift; path = LittleSpudShared.swift; sourceTree = "<group>"; };
		1A000001000000000000002C /* NotificationService.swift */ = {isa = PBXFileReference; lastKnownFileType = sourcecode.swift; path = NotificationService.swift; sourceTree = "<group>"; };
		1A000001000000000000002D /* Info.plist */ = {isa = PBXFileReference; lastKnownFileType = text.plist.xml; path = Info.plist; sourceTree = "<group>"; };
		1A000001000000000000002E /* LittleSpudNotificationService.entitlements */ = {isa = PBXFileReference; lastKnownFileType = text.plist.entitlements; path = LittleSpudNotificationService.entitlements; sourceTree = "<group>"; };
		1A000001000000000000002F /* LittleSpudNotificationService.appex */ = {isa = PBXFileReference; explicitFileType = "wrapper.app-extension"; includeInIndex = 0; path = LittleSpudNotificationService.appex; sourceTree = BUILT_PRODUCTS_DIR; };
/* End PBXFileReference section */

/* Begin PBXFrameworksBuildPhase section */
		1A0000010000000000000021 /* Frameworks */ = {
			isa = PBXFrameworksBuildPhase;
			buildActionMask = 2147483647;
			files = (
				1A000001000000000000000E /* FirebaseCore in Frameworks */,
				1A000001000000000000000F /* FirebaseMessaging in Frameworks */,
			);
			runOnlyForDeploymentPostprocessing = 0;
		};
		1A0000010000000000000034 /* Frameworks */ = {
			isa = PBXFrameworksBuildPhase;
			buildActionMask = 2147483647;
			files = (
			);
			runOnlyForDeploymentPostprocessing = 0;
		};
/* End PBXFrameworksBuildPhase section */

/* Begin PBXGroup section */
		1A0000010000000000000031 = {
			isa = PBXGroup;
			children = (
				1A0000010000000000000032 /* LittleSpud */,
				1A0000010000000000000037 /* LittleSpudNotificationService */,
				1A0000010000000000000033 /* Products */,
			);
			sourceTree = "<group>";
		};
		1A0000010000000000000032 /* LittleSpud */ = {
			isa = PBXGroup;
			children = (
				1A0000010000000000000011 /* LittleSpudApp.swift */,
				1A000001000000000000001E /* LittleSpudRootView.swift */,
				1A000001000000000000001D /* LittleSpudViewModel.swift */,
				1A000001000000000000001C /* SpudLinkAPI.swift */,
				1A0000010000000000000019 /* LittleSpudModels.swift */,
				1A000001000000000000002B /* LittleSpudShared.swift */,
				1A000001000000000000001A /* KeychainStore.swift */,
				1A0000010000000000000012 /* LocalNotificationManager.swift */,
				1A0000010000000000000018 /* HapticManager.swift */,
				1A000001000000000000001B /* QRCodeScannerSheet.swift */,
				1A0000010000000000000014 /* QRCodeScannerViewController.swift */,
				1A0000010000000000000015 /* Info.plist */,
				1A0000010000000000000026 /* GoogleService-Info.plist */,
				1A0000010000000000000020 /* LittleSpud.entitlements */,
				1A000001000000000000001F /* PrivacyInfo.xcprivacy */,
				1A0000010000000000000016 /* Assets.xcassets */,
			);
			path = LittleSpud;
			sourceTree = "<group>";
		};
		1A0000010000000000000033 /* Products */ = {
			isa = PBXGroup;
			children = (
				1A0000010000000000000017 /* LittleSpud.app */,
				1A000001000000000000002F /* LittleSpudNotificationService.appex */,
			);
			name = Products;
			sourceTree = "<group>";
		};
		1A0000010000000000000037 /* LittleSpudNotificationService */ = {
			isa = PBXGroup;
			children = (
				1A000001000000000000002C /* NotificationService.swift */,
				1A000001000000000000002D /* Info.plist */,
				1A000001000000000000002E /* LittleSpudNotificationService.entitlements */,
			);
			path = LittleSpudNotificationService;
			sourceTree = "<group>";
		};
/* End PBXGroup section */

/* Begin PBXNativeTarget section */
		1A0000010000000000000041 /* LittleSpud */ = {
			isa = PBXNativeTarget;
			buildConfigurationList = 1A0000010000000000000081 /* Build configuration list for PBXNativeTarget "LittleSpud" */;
			buildPhases = (
				1A0000010000000000000051 /* Sources */,
				1A0000010000000000000021 /* Frameworks */,
				1A0000010000000000000052 /* Resources */,
				1A0000010000000000000036 /* Embed App Extensions */,
			);
			buildRules = (
			);
			dependencies = (
				1A0000010000000000000039 /* PBXTargetDependency */,
			);
			name = LittleSpud;
			packageProductDependencies = (
				1A0000010000000000000022 /* FirebaseCore */,
				1A0000010000000000000023 /* FirebaseMessaging */,
			);
			productName = LittleSpud;
			productReference = 1A0000010000000000000017 /* LittleSpud.app */;
			productType = "com.apple.product-type.application";
		};
		1A0000010000000000000042 /* LittleSpudNotificationService */ = {
			isa = PBXNativeTarget;
			buildConfigurationList = 1A0000010000000000000082 /* Build configuration list for PBXNativeTarget "LittleSpudNotificationService" */;
			buildPhases = (
				1A0000010000000000000035 /* Sources */,
				1A0000010000000000000034 /* Frameworks */,
			);
			buildRules = (
			);
			dependencies = (
			);
			name = LittleSpudNotificationService;
			packageProductDependencies = (
			);
			productName = LittleSpudNotificationService;
			productReference = 1A000001000000000000002F /* LittleSpudNotificationService.appex */;
			productType = "com.apple.product-type.app-extension";
		};
/* End PBXNativeTarget section */

/* Begin PBXProject section */
		1A0000010000000000000061 /* Project object */ = {
			isa = PBXProject;
			attributes = {
				BuildIndependentTargetsInParallel = 1;
				LastSwiftUpdateCheck = 1600;
				LastUpgradeCheck = 2650;
				TargetAttributes = {
					1A0000010000000000000041 = {
						CreatedOnToolsVersion = 16.0;
						SystemCapabilities = {
							com.apple.ApplicationGroups.iOS = {
								enabled = 1;
							};
							com.apple.Push = {
								enabled = 1;
							};
						};
					};
					1A0000010000000000000042 = {
						CreatedOnToolsVersion = 16.0;
						SystemCapabilities = {
							com.apple.ApplicationGroups.iOS = {
								enabled = 1;
							};
						};
					};
				};
			};
			buildConfigurationList = 1A0000010000000000000062 /* Build configuration list for PBXProject "LittleSpud" */;
			compatibilityVersion = "Xcode 14.0";
			developmentRegion = en;
			hasScannedForEncodings = 0;
			knownRegions = (
				en,
				Base,
			);
			mainGroup = 1A0000010000000000000031;
			packageReferences = (
				1A0000010000000000000024 /* XCRemoteSwiftPackageReference "firebase-ios-sdk" */,
			);
			productRefGroup = 1A0000010000000000000033 /* Products */;
			projectDirPath = "";
			projectRoot = "";
			targets = (
				1A0000010000000000000041 /* LittleSpud */,
				1A0000010000000000000042 /* LittleSpudNotificationService */,
			);
		};
/* End PBXProject section */

/* Begin PBXResourcesBuildPhase section */
		1A0000010000000000000052 /* Resources */ = {
			isa = PBXResourcesBuildPhase;
			buildActionMask = 2147483647;
			files = (
				1A0000010000000000000005 /* Assets.xcassets in Resources */,
				1A000001000000000000000D /* PrivacyInfo.xcprivacy in Resources */,
				1A0000010000000000000025 /* GoogleService-Info.plist in Resources */,
			);
			runOnlyForDeploymentPostprocessing = 0;
		};
/* End PBXResourcesBuildPhase section */

/* Begin PBXSourcesBuildPhase section */
		1A0000010000000000000051 /* Sources */ = {
			isa = PBXSourcesBuildPhase;
			buildActionMask = 2147483647;
			files = (
				1A0000010000000000000001 /* LittleSpudApp.swift in Sources */,
				1A000001000000000000000C /* LittleSpudRootView.swift in Sources */,
				1A000001000000000000000B /* LittleSpudViewModel.swift in Sources */,
				1A000001000000000000000A /* SpudLinkAPI.swift in Sources */,
				1A0000010000000000000007 /* LittleSpudModels.swift in Sources */,
				1A0000010000000000000027 /* LittleSpudShared.swift in Sources */,
				1A0000010000000000000008 /* KeychainStore.swift in Sources */,
				1A0000010000000000000002 /* LocalNotificationManager.swift in Sources */,
				1A0000010000000000000006 /* HapticManager.swift in Sources */,
				1A0000010000000000000009 /* QRCodeScannerSheet.swift in Sources */,
				1A0000010000000000000004 /* QRCodeScannerViewController.swift in Sources */,
			);
			runOnlyForDeploymentPostprocessing = 0;
		};
		1A0000010000000000000035 /* Sources */ = {
			isa = PBXSourcesBuildPhase;
			buildActionMask = 2147483647;
			files = (
				1A0000010000000000000028 /* NotificationService.swift in Sources */,
				1A0000010000000000000029 /* LittleSpudShared.swift in Sources */,
			);
			runOnlyForDeploymentPostprocessing = 0;
		};
/* End PBXSourcesBuildPhase section */

/* Begin PBXTargetDependency section */
		1A0000010000000000000039 /* PBXTargetDependency */ = {
			isa = PBXTargetDependency;
			target = 1A0000010000000000000042 /* LittleSpudNotificationService */;
			targetProxy = 1A0000010000000000000038 /* PBXContainerItemProxy */;
		};
/* End PBXTargetDependency section */

/* Begin XCRemoteSwiftPackageReference section */
		1A0000010000000000000024 /* XCRemoteSwiftPackageReference "firebase-ios-sdk" */ = {
			isa = XCRemoteSwiftPackageReference;
			repositoryURL = "https://github.com/firebase/firebase-ios-sdk.git";
			requirement = {
				kind = upToNextMajorVersion;
				minimumVersion = 12.14.0;
			};
		};
/* End XCRemoteSwiftPackageReference section */

/* Begin XCSwiftPackageProductDependency section */
		1A0000010000000000000022 /* FirebaseCore */ = {
			isa = XCSwiftPackageProductDependency;
			package = 1A0000010000000000000024 /* XCRemoteSwiftPackageReference "firebase-ios-sdk" */;
			productName = FirebaseCore;
		};
		1A0000010000000000000023 /* FirebaseMessaging */ = {
			isa = XCSwiftPackageProductDependency;
			package = 1A0000010000000000000024 /* XCRemoteSwiftPackageReference "firebase-ios-sdk" */;
			productName = FirebaseMessaging;
		};
/* End XCSwiftPackageProductDependency section */

/* Begin XCBuildConfiguration section */
		1A0000010000000000000071 /* Debug */ = {
			isa = XCBuildConfiguration;
			buildSettings = {
				ALWAYS_SEARCH_USER_PATHS = NO;
				CLANG_ANALYZER_NONNULL = YES;
				CLANG_ANALYZER_NUMBER_OBJECT_CONVERSION = YES_AGGRESSIVE;
				CLANG_CXX_LANGUAGE_STANDARD = "gnu++20";
				CLANG_ENABLE_MODULES = YES;
				CLANG_ENABLE_OBJC_ARC = YES;
				CLANG_ENABLE_OBJC_WEAK = YES;
				CLANG_WARN_BLOCK_CAPTURE_AUTORELEASING = YES;
				CLANG_WARN_BOOL_CONVERSION = YES;
				CLANG_WARN_COMMA = YES;
				CLANG_WARN_CONSTANT_CONVERSION = YES;
				CLANG_WARN_DEPRECATED_OBJC_IMPLEMENTATIONS = YES;
				CLANG_WARN_DIRECT_OBJC_ISA_USAGE = YES_ERROR;
				CLANG_WARN_DOCUMENTATION_COMMENTS = YES;
				CLANG_WARN_EMPTY_BODY = YES;
				CLANG_WARN_ENUM_CONVERSION = YES;
				CLANG_WARN_INFINITE_RECURSION = YES;
				CLANG_WARN_INT_CONVERSION = YES;
				CLANG_WARN_NON_LITERAL_NULL_CONVERSION = YES;
				CLANG_WARN_OBJC_IMPLICIT_RETAIN_SELF = YES;
				CLANG_WARN_OBJC_LITERAL_CONVERSION = YES;
				CLANG_WARN_OBJC_ROOT_CLASS = YES_ERROR;
				CLANG_WARN_QUOTED_INCLUDE_IN_FRAMEWORK_HEADER = YES;
				CLANG_WARN_RANGE_LOOP_ANALYSIS = YES;
				CLANG_WARN_STRICT_PROTOTYPES = YES;
				CLANG_WARN_SUSPICIOUS_MOVE = YES;
				CLANG_WARN_UNGUARDED_AVAILABILITY = YES_AGGRESSIVE;
				CLANG_WARN_UNREACHABLE_CODE = YES;
				CLANG_WARN__DUPLICATE_METHOD_MATCH = YES;
				COPY_PHASE_STRIP = NO;
				DEBUG_INFORMATION_FORMAT = dwarf;
				DEVELOPMENT_TEAM = 8BHV7Y2D9D;
				ENABLE_STRICT_OBJC_MSGSEND = YES;
				ENABLE_TESTABILITY = YES;
				ENABLE_USER_SCRIPT_SANDBOXING = NO;
				GCC_C_LANGUAGE_STANDARD = gnu17;
				GCC_DYNAMIC_NO_PIC = NO;
				GCC_NO_COMMON_BLOCKS = YES;
				GCC_OPTIMIZATION_LEVEL = 0;
				GCC_PREPROCESSOR_DEFINITIONS = (
					"DEBUG=1",
					"$(inherited)",
				);
				GCC_WARN_64_TO_32_BIT_CONVERSION = YES;
				GCC_WARN_ABOUT_RETURN_TYPE = YES_ERROR;
				GCC_WARN_UNDECLARED_SELECTOR = YES;
				GCC_WARN_UNINITIALIZED_AUTOS = YES_AGGRESSIVE;
				GCC_WARN_UNUSED_FUNCTION = YES;
				GCC_WARN_UNUSED_VARIABLE = YES;
				IPHONEOS_DEPLOYMENT_TARGET = 16.0;
				MTL_ENABLE_DEBUG_INFO = INCLUDE_SOURCE;
				MTL_FAST_MATH = YES;
				ONLY_ACTIVE_ARCH = YES;
				SDKROOT = iphoneos;
				STRING_CATALOG_GENERATE_SYMBOLS = YES;
				SWIFT_ACTIVE_COMPILATION_CONDITIONS = DEBUG;
				SWIFT_OPTIMIZATION_LEVEL = "-Onone";
			};
			name = Debug;
		};
		1A0000010000000000000072 /* Release */ = {
			isa = XCBuildConfiguration;
			buildSettings = {
				ALWAYS_SEARCH_USER_PATHS = NO;
				CLANG_ANALYZER_NONNULL = YES;
				CLANG_ANALYZER_NUMBER_OBJECT_CONVERSION = YES_AGGRESSIVE;
				CLANG_CXX_LANGUAGE_STANDARD = "gnu++20";
				CLANG_ENABLE_MODULES = YES;
				CLANG_ENABLE_OBJC_ARC = YES;
				CLANG_ENABLE_OBJC_WEAK = YES;
				CLANG_WARN_BLOCK_CAPTURE_AUTORELEASING = YES;
				CLANG_WARN_BOOL_CONVERSION = YES;
				CLANG_WARN_COMMA = YES;
				CLANG_WARN_CONSTANT_CONVERSION = YES;
				CLANG_WARN_DEPRECATED_OBJC_IMPLEMENTATIONS = YES;
				CLANG_WARN_DIRECT_OBJC_ISA_USAGE = YES_ERROR;
				CLANG_WARN_DOCUMENTATION_COMMENTS = YES;
				CLANG_WARN_EMPTY_BODY = YES;
				CLANG_WARN_ENUM_CONVERSION = YES;
				CLANG_WARN_INFINITE_RECURSION = YES;
				CLANG_WARN_INT_CONVERSION = YES;
				CLANG_WARN_NON_LITERAL_NULL_CONVERSION = YES;
				CLANG_WARN_OBJC_IMPLICIT_RETAIN_SELF = YES;
				CLANG_WARN_OBJC_LITERAL_CONVERSION = YES;
				CLANG_WARN_OBJC_ROOT_CLASS = YES_ERROR;
				CLANG_WARN_QUOTED_INCLUDE_IN_FRAMEWORK_HEADER = YES;
				CLANG_WARN_RANGE_LOOP_ANALYSIS = YES;
				CLANG_WARN_STRICT_PROTOTYPES = YES;
				CLANG_WARN_SUSPICIOUS_MOVE = YES;
				CLANG_WARN_UNGUARDED_AVAILABILITY = YES_AGGRESSIVE;
				CLANG_WARN_UNREACHABLE_CODE = YES;
				CLANG_WARN__DUPLICATE_METHOD_MATCH = YES;
				COPY_PHASE_STRIP = NO;
				DEBUG_INFORMATION_FORMAT = "dwarf-with-dsym";
				DEVELOPMENT_TEAM = 8BHV7Y2D9D;
				ENABLE_NS_ASSERTIONS = NO;
				ENABLE_STRICT_OBJC_MSGSEND = YES;
				ENABLE_USER_SCRIPT_SANDBOXING = NO;
				GCC_C_LANGUAGE_STANDARD = gnu17;
				GCC_NO_COMMON_BLOCKS = YES;
				GCC_WARN_64_TO_32_BIT_CONVERSION = YES;
				GCC_WARN_ABOUT_RETURN_TYPE = YES_ERROR;
				GCC_WARN_UNDECLARED_SELECTOR = YES;
				GCC_WARN_UNINITIALIZED_AUTOS = YES_AGGRESSIVE;
				GCC_WARN_UNUSED_FUNCTION = YES;
				GCC_WARN_UNUSED_VARIABLE = YES;
				IPHONEOS_DEPLOYMENT_TARGET = 16.0;
				MTL_ENABLE_DEBUG_INFO = NO;
				MTL_FAST_MATH = YES;
				SDKROOT = iphoneos;
				STRING_CATALOG_GENERATE_SYMBOLS = YES;
				SWIFT_COMPILATION_MODE = wholemodule;
				SWIFT_OPTIMIZATION_LEVEL = "-O";
				VALIDATE_PRODUCT = YES;
			};
			name = Release;
		};
		1A0000010000000000000073 /* Debug */ = {
			isa = XCBuildConfiguration;
			buildSettings = {
				ASSETCATALOG_COMPILER_APPICON_NAME = AppIcon;
				APS_ENVIRONMENT = development;
				CODE_SIGN_ENTITLEMENTS = LittleSpud/LittleSpud.entitlements;
				CODE_SIGN_STYLE = Automatic;
				CURRENT_PROJECT_VERSION = 4;
				DEVELOPMENT_ASSET_PATHS = "";
				GENERATE_INFOPLIST_FILE = NO;
				INFOPLIST_FILE = LittleSpud/Info.plist;
				INFOPLIST_KEY_CFBundleDisplayName = "Little Spud";
				IPHONEOS_DEPLOYMENT_TARGET = 16.0;
				MARKETING_VERSION = 1.0.1;
				PRODUCT_BUNDLE_IDENTIFIER = com.tatertotterson.littlespud.ios;
				PRODUCT_NAME = LittleSpud;
				SWIFT_EMIT_LOC_STRINGS = YES;
				SWIFT_VERSION = 5.0;
				TARGETED_DEVICE_FAMILY = "1,2";
			};
			name = Debug;
		};
		1A0000010000000000000074 /* Release */ = {
			isa = XCBuildConfiguration;
			buildSettings = {
				ASSETCATALOG_COMPILER_APPICON_NAME = AppIcon;
				APS_ENVIRONMENT = production;
				CODE_SIGN_ENTITLEMENTS = LittleSpud/LittleSpud.entitlements;
				CODE_SIGN_STYLE = Automatic;
				CURRENT_PROJECT_VERSION = 4;
				DEVELOPMENT_ASSET_PATHS = "";
				GENERATE_INFOPLIST_FILE = NO;
				INFOPLIST_FILE = LittleSpud/Info.plist;
				INFOPLIST_KEY_CFBundleDisplayName = "Little Spud";
				IPHONEOS_DEPLOYMENT_TARGET = 16.0;
				MARKETING_VERSION = 1.0.1;
				PRODUCT_BUNDLE_IDENTIFIER = com.tatertotterson.littlespud.ios;
				PRODUCT_NAME = LittleSpud;
				SWIFT_EMIT_LOC_STRINGS = YES;
				SWIFT_VERSION = 5.0;
				TARGETED_DEVICE_FAMILY = "1,2";
			};
			name = Release;
		};
		1A0000010000000000000075 /* Debug */ = {
			isa = XCBuildConfiguration;
			buildSettings = {
				APPLICATION_EXTENSION_API_ONLY = YES;
				CODE_SIGN_ENTITLEMENTS = LittleSpudNotificationService/LittleSpudNotificationService.entitlements;
				CODE_SIGN_STYLE = Automatic;
				CURRENT_PROJECT_VERSION = 4;
				DEVELOPMENT_ASSET_PATHS = "";
				DEVELOPMENT_TEAM = 8BHV7Y2D9D;
				GENERATE_INFOPLIST_FILE = NO;
				INFOPLIST_FILE = LittleSpudNotificationService/Info.plist;
				IPHONEOS_DEPLOYMENT_TARGET = 16.0;
				MARKETING_VERSION = 1.0.1;
				PRODUCT_BUNDLE_IDENTIFIER = com.tatertotterson.littlespud.ios.NotificationService;
				PRODUCT_NAME = LittleSpudNotificationService;
				SKIP_INSTALL = YES;
				SWIFT_EMIT_LOC_STRINGS = YES;
				SWIFT_VERSION = 5.0;
				TARGETED_DEVICE_FAMILY = "1,2";
			};
			name = Debug;
		};
		1A0000010000000000000076 /* Release */ = {
			isa = XCBuildConfiguration;
			buildSettings = {
				APPLICATION_EXTENSION_API_ONLY = YES;
				CODE_SIGN_ENTITLEMENTS = LittleSpudNotificationService/LittleSpudNotificationService.entitlements;
				CODE_SIGN_STYLE = Automatic;
				CURRENT_PROJECT_VERSION = 4;
				DEVELOPMENT_ASSET_PATHS = "";
				DEVELOPMENT_TEAM = 8BHV7Y2D9D;
				GENERATE_INFOPLIST_FILE = NO;
				INFOPLIST_FILE = LittleSpudNotificationService/Info.plist;
				IPHONEOS_DEPLOYMENT_TARGET = 16.0;
				MARKETING_VERSION = 1.0.1;
				PRODUCT_BUNDLE_IDENTIFIER = com.tatertotterson.littlespud.ios.NotificationService;
				PRODUCT_NAME = LittleSpudNotificationService;
				SKIP_INSTALL = YES;
				SWIFT_EMIT_LOC_STRINGS = YES;
				SWIFT_VERSION = 5.0;
				TARGETED_DEVICE_FAMILY = "1,2";
			};
			name = Release;
		};
/* End XCBuildConfiguration section */

/* Begin XCConfigurationList section */
		1A0000010000000000000062 /* Build configuration list for PBXProject "LittleSpud" */ = {
			isa = XCConfigurationList;
			buildConfigurations = (
				1A0000010000000000000071 /* Debug */,
				1A0000010000000000000072 /* Release */,
			);
			defaultConfigurationIsVisible = 0;
			defaultConfigurationName = Release;
		};
		1A0000010000000000000081 /* Build configuration list for PBXNativeTarget "LittleSpud" */ = {
			isa = XCConfigurationList;
			buildConfigurations = (
				1A0000010000000000000073 /* Debug */,
				1A0000010000000000000074 /* Release */,
			);
			defaultConfigurationIsVisible = 0;
			defaultConfigurationName = Release;
		};
		1A0000010000000000000082 /* Build configuration list for PBXNativeTarget "LittleSpudNotificationService" */ = {
			isa = XCConfigurationList;
			buildConfigurations = (
				1A0000010000000000000075 /* Debug */,
				1A0000010000000000000076 /* Release */,
			);
			defaultConfigurationIsVisible = 0;
			defaultConfigurationName = Release;
		};
/* End XCConfigurationList section */
	};
	rootObject = 1A0000010000000000000061 /* Project object */;
}
